<?xml version="1.0" encoding="utf-8"?>
<Project ToolsVersion="4.0" xmlns="http://schemas.microsoft.com/developer/msbuild/2003">
  <ItemGroup>
    <Filter Include="Source Files">
      <UniqueIdentifier>{4FC737F1-C7A5-4376-A066-2A32D752A2FF}</UniqueIdentifier>
      <Extensions>cpp;c;cc;cxx;def;odl;idl;hpj;bat;asm;asmx</Extensions>
    </Filter>
    <Filter Include="Header Files">
      <UniqueIdentifier>{93995380-89BD-4b04-88EB-625FBE52EBFB}</UniqueIdentifier>
      <Extensions>h;hh;hpp;hxx;hm;inl;inc;xsd</Extensions>
    </Filter>
    <Filter Include="Resource Files">
      <UniqueIdentifier>{67DA6AB6-F800-4c08-8B7A-83BB121AAD01}</UniqueIdentifier>
      <Extensions>rc;ico;cur;bmp;dlg;rc2;rct;bin;rgs;gif;jpg;jpeg;jpe;resx;tiff;tif;png;wav;mfcribbon-ms</Extensions>
    </Filter>
    <Filter Include="Header Files\Settings">
      <UniqueIdentifier>{b8a6254d-d206-4fd0-b5e7-65734a977f63}</UniqueIdentifier>
    </Filter>
    <Filter Include="Header Files\Game">
      <UniqueIdentifier>{5c7277b6-1906-4852-b555-9f368e283cfb}</UniqueIdentifier>
    </Filter>
    <Filter Include="Source Files\Game">
      <UniqueIdentifier>{58804435-203e-4616-8039-a743d522bab8}</UniqueIdentifier>
    </Filter>
    <Filter Include="Header Files\Tree">
      <UniqueIdentifier>{0790e544-7b6b-4532-bb35-09b59ab75b18}</UniqueIdentifier>
    </Filter>
    <Filter Include="Source Files\Tree">
      <UniqueIdentifier>{c7b1ab93-e993-48be-85d7-2207d60a21f9}</UniqueIdentifier>
    </Filter>
    <Filter Include="Header Files\Util">
      <UniqueIdentifier>{de61f6e7-9398-4051-8879-746b0d7e4e9f}</UniqueIdentifier>
    </Filter>
    <Filter Include="Header Files\Resolving">
      <UniqueIdentifier>{71c0fd1d-8761-46ad-82ca-72494306682d}</UniqueIdentifier>
    </Filter>
    <Filter Include="Source Files\Resolving">
      <UniqueIdentifier>{9571b00f-c0d3-4a7f-9b61-741d51041f57}</UniqueIdentifier>
    </Filter>
    <Filter Include="Source Files\Misc">
      <UniqueIdentifier>{8f665370-b954-4062-a84f-cbfe39d9bd45}</UniqueIdentifier>
    </Filter>
    <Filter Include="Header Files\NN">
      <UniqueIdentifier>{c20aa6e2-c909-426a-a0c2-cfd91d7c9d3b}</UniqueIdentifier>
    </Filter>
    <Filter Include="Source Files\NN">
      <UniqueIdentifier>{211bc78b-e871-4f1f-a08b-62e9e9aae3f2}</UniqueIdentifier>
    </Filter>
    <Filter Include="Header Files\DataGeneration">
      <UniqueIdentifier>{68c61839-0466-412e-bb75-e52ff58eaa32}</UniqueIdentifier>
    </Filter>
    <Filter Include="Source Files\DataGeneration">
      <UniqueIdentifier>{a732f0d3-5b0b-4939-8797-7496899db932}</UniqueIdentifier>
    </Filter>
  </ItemGroup>
  <ItemGroup>
    <Text Include="ReadMe.txt" />
  </ItemGroup>
  <ItemGroup>
    <ClInclude Include="stdafx.h">
      <Filter>Header Files</Filter>
    </ClInclude>
    <ClInclude Include="targetver.h">
      <Filter>Header Files</Filter>
    </ClInclude>
    <ClInclude Include="Constants.h">
      <Filter>Header Files\Settings</Filter>
    </ClInclude>
    <ClInclude Include="game_settings.h">
      <Filter>Header Files\Settings</Filter>
    </ClInclude>
    <ClInclude Include="arguments.h">
      <Filter>Header Files\Settings</Filter>
    </ClInclude>
    <ClInclude Include="resource.h">
      <Filter>Header Files</Filter>
    </ClInclude>
    <ClInclude Include="CustomSettings.h">
      <Filter>Header Files\Settings</Filter>
    </ClInclude>
    <ClInclude Include="card_tools.h">
      <Filter>Header Files\Game</Filter>
    </ClInclude>
    <ClInclude Include="card_to_string_conversion.h">
      <Filter>Header Files\Game</Filter>
    </ClInclude>
    <ClInclude Include="bet_sizing.h">
      <Filter>Header Files\Game</Filter>
    </ClInclude>
    <ClInclude Include="tree_builder.h">
      <Filter>Header Files\Tree</Filter>
    </ClInclude>
    <ClInclude Include="strategy_filling.h">
      <Filter>Header Files\Tree</Filter>
    </ClInclude>
    <ClInclude Include="Node.h">
      <Filter>Header Files\Tree</Filter>
    </ClInclude>
    <ClInclude Include="GraphvizNode.h">
      <Filter>Header Files\Tree</Filter>
    </ClInclude>
    <ClInclude Include="GraphvizConnection.h">
      <Filter>Header Files\Tree</Filter>
    </ClInclude>
    <ClInclude Include="TreeBuilderParams.h">
      <Filter>Header Files\Tree</Filter>
    </ClInclude>
    <ClInclude Include="TreeVisualizer.h">
      <Filter>Header Files\Tree</Filter>
    </ClInclude>
    <ClInclude Include="LeducEvaluator.h">
      <Filter>Header Files\Game</Filter>
    </ClInclude>
    <ClInclude Include="terminal_equity.h">
      <Filter>Header Files\Game</Filter>
    </ClInclude>
    <ClInclude Include="Util.h">
      <Filter>Header Files\Util</Filter>
    </ClInclude>
    <ClInclude Include="TreeCFR.h">
      <Filter>Header Files\Tree</Filter>
    </ClInclude>
    <ClInclude Include="tree_values.h">
      <Filter>Header Files\Tree</Filter>
    </ClInclude>
    <ClInclude Include="cfrd_gadget.h">
      <Filter>Header Files\Resolving</Filter>
    </ClInclude>
    <ClInclude Include="Resolving.h">
      <Filter>Header Files\Resolving</Filter>
    </ClInclude>
    <ClInclude Include="ValueNn.h">
      <Filter>Header Files\NN</Filter>
    </ClInclude>
    <ClInclude Include="lookahead.h">
      <Filter>Header Files\Resolving</Filter>
    </ClInclude>
    <ClInclude Include="LookaheadBuilder.h">
      <Filter>Header Files\Resolving</Filter>
    </ClInclude>
    <ClInclude Include="LookaheadResult.h">
      <Filter>Header Files\Resolving</Filter>
    </ClInclude>
    <ClInclude Include="range_generator.h">
      <Filter>Header Files\DataGeneration</Filter>
    </ClInclude>
  </ItemGroup>
  <ItemGroup>
    <ClCompile Include="stdafx.cpp">
      <Filter>Source Files</Filter>
    </ClCompile>
    <ClCompile Include="card_to_string_conversion.cpp">
      <Filter>Source Files\Game</Filter>
    </ClCompile>
    <ClCompile Include="card_tools.cpp">
      <Filter>Source Files\Game</Filter>
    </ClCompile>
    <ClCompile Include="bet_sizing.cpp">
      <Filter>Source Files\Game</Filter>
    </ClCompile>
    <ClCompile Include="tree_builder.cpp">
      <Filter>Source Files\Tree</Filter>
    </ClCompile>
    <ClCompile Include="strategy_filling.cpp">
      <Filter>Source Files\Tree</Filter>
    </ClCompile>
    <ClCompile Include="Node.cpp">
      <Filter>Source Files\Tree</Filter>
    </ClCompile>
    <ClCompile Include="LeducEvaluator.cpp">
      <Filter>Source Files\Game</Filter>
    </ClCompile>
    <ClCompile Include="TreeBuilderParams.cpp">
      <Filter>Source Files\Tree</Filter>
    </ClCompile>
    <ClCompile Include="TreeVisualizer.cpp">
      <Filter>Source Files\Tree</Filter>
    </ClCompile>
    <ClCompile Include="cfrd_gadget.cpp">
      <Filter>Source Files\Resolving</Filter>
    </ClCompile>
    <ClCompile Include="tree_values.cpp">
      <Filter>Source Files\Tree</Filter>
    </ClCompile>
    <ClCompile Include="TreeCFR.cpp">
      <Filter>Source Files\Tree</Filter>
    </ClCompile>
    <ClCompile Include="Util.cpp">
      <Filter>Source Files\Misc</Filter>
    </ClCompile>
    <ClCompile Include="Resolving.cpp">
      <Filter>Source Files\Resolving</Filter>
    </ClCompile>
    <ClCompile Include="ValueNn.cpp">
      <Filter>Source Files\NN</Filter>
    </ClCompile>
    <ClCompile Include="lookahead.cpp">
      <Filter>Source Files\Resolving</Filter>
    </ClCompile>
    <ClCompile Include="LookaheadBuilder.cpp">
      <Filter>Source Files\Resolving</Filter>
    </ClCompile>
    <ClCompile Include="terminal_equity.cpp">
      <Filter>Source Files\Game</Filter>
    </ClCompile>
    <ClCompile Include="range_generator.cpp">
      <Filter>Source Files\DataGeneration</Filter>
    </ClCompile>
  </ItemGroup>
  <ItemGroup>
    <None Include="packages.config" />
  </ItemGroup>
  <ItemGroup>
    <ResourceCompile Include="DeepStackCpp.rc">
      <Filter>Resource Files</Filter>
    </ResourceCompile>
  </ItemGroup>
</Project>